Microsoft Visual Studio Solution File, Format Version 12.00

Project("{FAE04EC0-301F-11D3-BF4B-00C04F79EFBC}") = "TestProject", "TestProject.csproj", "{8BE35D64-2502-4C23-8127-1D6FFE03D50D}"
EndProject
Global
	GlobalSection(SolutionConfigurationPlatforms) = preSolution
		Debug|Any CPU = Debug|Any CPU
	EndGlobalSection
	GlobalSection(ProjectConfigurationPlatforms) = postSolution
		{8BE35D64-2502-4C23-8127-1D6FFE03D50D}.Debug|Any CPU.ActiveCfg = Debug|Any CPU
		{8BE35D64-2502-4C23-8127-1D6FFE03D50D}.Debug|Any CPU.Build.0 = Debug|Any CPU
	EndGlobalSection
EndGlobal
